// !$*UTF8*$!
{
	archiveVersion = 1;
	classes = {
	};
	objectVersion = 46;
	objects = {

/* Begin PBXBuildFile section */
		44BCDD2D1EC18D3E0048D450 /* main.m in Sources */ = {isa = PBXBuildFile; fileRef = 44BCDD2C1EC18D3E0048D450 /* main.m */; };
		44BCDD301EC18D3E0048D450 /* AppDelegate.m in Sources */ = {isa = PBXBuildFile; fileRef = 44BCDD2F1EC18D3E0048D450 /* AppDelegate.m */; };
		44BCDD331EC18D3E0048D450 /* ViewController.m in Sources */ = {isa = PBXBuildFile; fileRef = 44BCDD321EC18D3E0048D450 /* ViewController.m */; };
		44BCDD361EC18D3E0048D450 /* Main.storyboard in Resources */ = {isa = PBXBuildFile; fileRef = 44BCDD341EC18D3E0048D450 /* Main.storyboard */; };
		44BCDD381EC18D3E0048D450 /* Assets.xcassets in Resources */ = {isa = PBXBuildFile; fileRef = 44BCDD371EC18D3E0048D450 /* Assets.xcassets */; };
		44BCDD3B1EC18D3E0048D450 /* LaunchScreen.storyboard in Resources */ = {isa = PBXBuildFile; fileRef = 44BCDD391EC18D3E0048D450 /* LaunchScreen.storyboard */; };
		44BCDD461EC18D3E0048D450 /* YZJRuntimeUITests.m in Sources */ = {isa = PBXBuildFile; fileRef = 44BCDD451EC18D3E0048D450 /* YZJRuntimeUITests.m */; };
		44BCDD521EC18D600048D450 /* NSMutableArray+Safe.m in Sources */ = {isa = PBXBuildFile; fileRef = 44BCDD511EC18D600048D450 /* NSMutableArray+Safe.m */; settings = {COMPILER_FLAGS = "-fno-objc-arc"; }; };
		AC6F755B20FC6A5A00AB81D6 /* NSObject+Swizzled.m in Sources */ = {isa = PBXBuildFile; fileRef = AC6F755820FC6A5A00AB81D6 /* NSObject+Swizzled.m */; };
		AC6F755C20FC6A5A00AB81D6 /* NSMutableDictionary+Safe.m in Sources */ = {isa = PBXBuildFile; fileRef = AC6F755920FC6A5A00AB81D6 /* NSMutableDictionary+Safe.m */; };
/* End PBXBuildFile section */

/* Begin PBXContainerItemProxy section */
		44BCDD421EC18D3E0048D450 /* PBXContainerItemProxy */ = {
			isa = PBXContainerItemProxy;
			containerPortal = 44BCDD201EC18D3E0048D450 /* Project object */;
			proxyType = 1;
			remoteGlobalIDString = 44BCDD271EC18D3E0048D450;
			remoteInfo = YZJRuntime;
		};
/* End PBXContainerItemProxy section */

/* Begin PBXFileReference section */
		44BCDD281EC18D3E0048D450 /* YZJRuntime.app */ = {isa = PBXFileReference; explicitFileType = wrapper.application; includeInIndex = 0; path = YZJRuntime.app; sourceTree = BUILT_PRODUCTS_DIR; };
		44BCDD2C1EC18D3E0048D450 /* main.m */ = {isa = PBXFileReference; lastKnownFileType = sourcecode.c.objc; path = main.m; sourceTree = "<group>"; };
		44BCDD2E1EC18D3E0048D450 /* AppDelegate.h */ = {isa = PBXFileReference; lastKnownFileType = sourcecode.c.h; path = AppDelegate.h; sourceTree = "<group>"; };
		44BCDD2F1EC18D3E0048D450 /* AppDelegate.m */ = {isa = PBXFileReference; lastKnownFileType = sourcecode.c.objc; path = AppDelegate.m; sourceTree = "<group>"; };
		44BCDD311EC18D3E0048D450 /* ViewController.h */ = {isa = PBXFileReference; lastKnownFileType = sourcecode.c.h; path = ViewController.h; sourceTree = "<group>"; };
		44BCDD321EC18D3E0048D450 /* ViewController.m */ = {isa = PBXFileReference; lastKnownFileType = sourcecode.c.objc; path = ViewController.m; sourceTree = "<group>"; };
		44BCDD351EC18D3E0048D450 /* Base */ = {isa = PBXFileReference; lastKnownFileType = file.storyboard; name = Base; path = Base.lproj/Main.storyboard; sourceTree = "<group>"; };
		44BCDD371EC18D3E0048D450 /* Assets.xcassets */ = {isa = PBXFileReference; lastKnownFileType = folder.assetcatalog; path = Assets.xcassets; sourceTree = "<group>"; };
		44BCDD3A1EC18D3E0048D450 /* Base */ = {isa = PBXFileReference; lastKnownFileType = file.storyboard; name = Base; path = Base.lproj/LaunchScreen.storyboard; sourceTree = "<group>"; };
		44BCDD3C1EC18D3E0048D450 /* Info.plist */ = {isa = PBXFileReference; lastKnownFileType = text.plist.xml; path = Info.plist; sourceTree = "<group>"; };
		44BCDD411EC18D3E0048D450 /* YZJRuntimeUITests.xctest */ = {isa = PBXFileReference; explicitFileType = wrapper.cfbundle; includeInIndex = 0; path = YZJRuntimeUITests.xctest; sourceTree = BUILT_PRODUCTS_DIR; };
		44BCDD451EC18D3E0048D450 /* YZJRuntimeUITests.m */ = {isa = PBXFileReference; lastKnownFileType = sourcecode.c.objc; path = YZJRuntimeUITests.m; sourceTree = "<group>"; };
		44BCDD471EC18D3E0048D450 /* Info.plist */ = {isa = PBXFileReference; lastKnownFileType = text.plist.xml; path = Info.plist; sourceTree = "<group>"; };
		44BCDD501EC18D600048D450 /* NSMutableArray+Safe.h */ = {isa = PBXFileReference; fileEncoding = 4; lastKnownFileType = sourcecode.c.h; path = "NSMutableArray+Safe.h"; sourceTree = "<group>"; };
		44BCDD511EC18D600048D450 /* NSMutableArray+Safe.m */ = {isa = PBXFileReference; fileEncoding = 4; lastKnownFileType = sourcecode.c.objc; path = "NSMutableArray+Safe.m"; sourceTree = "<group>"; };
		AC6F755720FC6A5A00AB81D6 /* NSMutableDictionary+Safe.h */ = {isa = PBXFileReference; fileEncoding = 4; lastKnownFileType = sourcecode.c.h; path = "NSMutableDictionary+Safe.h"; sourceTree = "<group>"; };
		AC6F755820FC6A5A00AB81D6 /* NSObject+Swizzled.m */ = {isa = PBXFileReference; fileEncoding = 4; lastKnownFileType = sourcecode.c.objc; path = "NSObject+Swizzled.m"; sourceTree = "<group>"; };
		AC6F755920FC6A5A00AB81D6 /* NSMutableDictionary+Safe.m */ = {isa = PBXFileReference; fileEncoding = 4; lastKnownFileType = sourcecode.c.objc; path = "NSMutableDictionary+Safe.m"; sourceTree = "<group>"; };
		AC6F755A20FC6A5A00AB81D6 /* NSObject+Swizzled.h */ = {isa = PBXFileReference; fileEncoding = 4; lastKnownFileType = sourcecode.c.h; path = "NSObject+Swizzled.h"; sourceTree = "<group>"; };
/* End PBXFileReference section */

/* Begin PBXFrameworksBuildPhase section */
		44BCDD251EC18D3E0048D450 /* Frameworks */ = {
			isa = PBXFrameworksBuildPhase;
			buildActionMask = 2147483647;
			files = (
			);
			runOnlyForDeploymentPostprocessing = 0;
		};
		44BCDD3E1EC18D3E0048D450 /* Frameworks */ = {
			isa = PBXFrameworksBuildPhase;
			buildActionMask = 2147483647;
			files = (
			);
			runOnlyForDeploymentPostprocessing = 0;
		};
/* End PBXFrameworksBuildPhase section */

/* Begin PBXGroup section */
		44BCDD1F1EC18D3E0048D450 = {
			isa = PBXGroup;
			children = (
				44BCDD2A1EC18D3E0048D450 /* YZJRuntime */,
				44BCDD441EC18D3E0048D450 /* YZJRuntimeUITests */,
				44BCDD291EC18D3E0048D450 /* Products */,
			);
			sourceTree = "<group>";
		};
		44BCDD291EC18D3E0048D450 /* Products */ = {
			isa = PBXGroup;
			children = (
				44BCDD281EC18D3E0048D450 /* YZJRuntime.app */,
				44BCDD411EC18D3E0048D450 /* YZJRuntimeUITests.xctest */,
			);
			name = Products;
			sourceTree = "<group>";
		};
		44BCDD2A1EC18D3E0048D450 /* YZJRuntime */ = {
			isa = PBXGroup;
			children = (
				44BCDD2E1EC18D3E0048D450 /* AppDelegate.h */,
				44BCDD2F1EC18D3E0048D450 /* AppDelegate.m */,
				44BCDD311EC18D3E0048D450 /* ViewController.h */,
				44BCDD321EC18D3E0048D450 /* ViewController.m */,
				44BCDD501EC18D600048D450 /* NSMutableArray+Safe.h */,
				44BCDD511EC18D600048D450 /* NSMutableArray+Safe.m */,
				AC6F755720FC6A5A00AB81D6 /* NSMutableDictionary+Safe.h */,
				AC6F755920FC6A5A00AB81D6 /* NSMutableDictionary+Safe.m */,
				AC6F755A20FC6A5A00AB81D6 /* NSObject+Swizzled.h */,
				AC6F755820FC6A5A00AB81D6 /* NSObject+Swizzled.m */,
				44BCDD341EC18D3E0048D450 /* Main.storyboard */,
				44BCDD371EC18D3E0048D450 /* Assets.xcassets */,
				44BCDD391EC18D3E0048D450 /* LaunchScreen.storyboard */,
				44BCDD3C1EC18D3E0048D450 /* Info.plist */,
				44BCDD2B1EC18D3E0048D450 /* Supporting Files */,
			);
			path = YZJRuntime;
			sourceTree = "<group>";
		};
		44BCDD2B1EC18D3E0048D450 /* Supporting Files */ = {
			isa = PBXGroup;
			children = (
				44BCDD2C1EC18D3E0048D450 /* main.m */,
			);
			name = "Supporting Files";
			sourceTree = "<group>";
		};
		44BCDD441EC18D3E0048D450 /* YZJRuntimeUITests */ = {
			isa = PBXGroup;
			children = (
				44BCDD451EC18D3E0048D450 /* YZJRuntimeUITests.m */,
				44BCDD471EC18D3E0048D450 /* Info.plist */,
			);
			path = YZJRuntimeUITests;
			sourceTree = "<group>";
		};
/* End PBXGroup section */

/* Begin PBXNativeTarget section */
		44BCDD271EC18D3E0048D450 /* YZJRuntime */ = {
			isa = PBXNativeTarget;
			buildConfigurationList = 44BCDD4A1EC18D3E0048D450 /* Build configuration list for PBXNativeTarget "YZJRuntime" */;
			buildPhases = (
				44BCDD241EC18D3E0048D450 /* Sources */,
				44BCDD251EC18D3E0048D450 /* Frameworks */,
				44BCDD261EC18D3E0048D450 /* Resources */,
			);
			buildRules = (
			);
			dependencies = (
			);
			name = YZJRuntime;
			productName = YZJRuntime;
			productReference = 44BCDD281EC18D3E0048D450 /* YZJRuntime.app */;
			productType = "com.apple.product-type.application";
		};
		44BCDD401EC18D3E0048D450 /* YZJRuntimeUITests */ = {
			isa = PBXNativeTarget;
			buildConfigurationList = 44BCDD4D1EC18D3E0048D450 /* Build configuration list for PBXNativeTarget "YZJRuntimeUITests" */;
			buildPhases = (
				44BCDD3D1EC18D3E0048D450 /* Sources */,
				44BCDD3E1EC18D3E0048D450 /* Frameworks */,
				44BCDD3F1EC18D3E0048D450 /* Resources */,
			);
			buildRules = (
			);
			dependencies = (
				44BCDD431EC18D3E0048D450 /* PBXTargetDependency */,
			);
			name = YZJRuntimeUITests;
			productName = YZJRuntimeUITests;
			productReference = 44BCDD411EC18D3E0048D450 /* YZJRuntimeUITests.xctest */;
			productType = "com.apple.product-type.bundle.ui-testing";
		};
/* End PBXNativeTarget section */

/* Begin PBXProject section */
		44BCDD201EC18D3E0048D450 /* Project object */ = {
			isa = PBXProject;
			attributes = {
				LastUpgradeCheck = 0830;
				ORGANIZATIONNAME = yzj;
				TargetAttributes = {
					44BCDD271EC18D3E0048D450 = {
						CreatedOnToolsVersion = 8.3.2;
						DevelopmentTeam = 39ZP2F2557;
						ProvisioningStyle = Automatic;
					};
					44BCDD401EC18D3E0048D450 = {
						CreatedOnToolsVersion = 8.3.2;
						DevelopmentTeam = 39ZP2F2557;
						ProvisioningStyle = Automatic;
						TestTargetID = 44BCDD271EC18D3E0048D450;
					};
				};
			};
			buildConfigurationList = 44BCDD231EC18D3E0048D450 /* Build configuration list for PBXProject "YZJRuntime" */;
			compatibilityVersion = "Xcode 3.2";
			developmentRegion = English;
			hasScannedForEncodings = 0;
			knownRegions = (
				en,
				Base,
			);
			mainGroup = 44BCDD1F1EC18D3E0048D450;
			productRefGroup = 44BCDD291EC18D3E0048D450 /* Products */;
			projectDirPath = "";
			projectRoot = "";
			targets = (
				44BCDD271EC18D3E0048D450 /* YZJRuntime */,
				44BCDD401EC18D3E0048D450 /* YZJRuntimeUITests */,
			);
		};
/* End PBXProject section */

/* Begin PBXResourcesBuildPhase section */
		44BCDD261EC18D3E0048D450 /* Resources */ = {
			isa = PBXResourcesBuildPhase;
			buildActionMask = 2147483647;
			files = (
				44BCDD3B1EC18D3E0048D450 /* LaunchScreen.storyboard in Resources */,
				44BCDD381EC18D3E0048D450 /* Assets.xcassets in Resources */,
				44BCDD361EC18D3E0048D450 /* Main.storyboard in Resources */,
			);
			runOnlyForDeploymentPostprocessing = 0;
		};
		44BCDD3F1EC18D3E0048D450 /* Resources */ = {
			isa = PBXResourcesBuildPhase;
			buildActionMask = 2147483647;
			files = (
			);
			runOnlyForDeploymentPostprocessing = 0;
		};
/* End PBXResourcesBuildPhase section */

/* Begin PBXSourcesBuildPhase section */
		44BCDD241EC18D3E0048D450 /* Sources */ = {
			isa = PBXSourcesBuildPhase;
			buildActionMask = 2147483647;
			files = (
				AC6F755C20FC6A5A00AB81D6 /* NSMutableDictionary+Safe.m in Sources */,
				AC6F755B20FC6A5A00AB81D6 /* NSObject+Swizzled.m in Sources */,
				44BCDD521EC18D600048D450 /* NSMutableArray+Safe.m in Sources */,
				44BCDD331EC18D3E0048D450 /* ViewController.m in Sources */,
				44BCDD301EC18D3E0048D450 /* AppDelegate.m in Sources */,
				44BCDD2D1EC18D3E0048D450 /* main.m in Sources */,
			);
			runOnlyForDeploymentPostprocessing = 0;
		};
		44BCDD3D1EC18D3E0048D450 /* Sources */ = {
			isa = PBXSourcesBuildPhase;
			buildActionMask = 2147483647;
			files = (
				44BCDD461EC18D3E0048D450 /* YZJRuntimeUITests.m in Sources */,
			);
			runOnlyForDeploymentPostprocessing = 0;
		};
/* End PBXSourcesBuildPhase section */

/* Begin PBXTargetDependency section */
		44BCDD431EC18D3E0048D450 /* PBXTargetDependency */ = {
			isa = PBXTargetDependency;
			target = 44BCDD271EC18D3E0048D450 /* YZJRuntime */;
			targetProxy = 44BCDD421EC18D3E0048D450 /* PBXContainerItemProxy */;
		};
/* End PBXTargetDependency section */

/* Begin PBXVariantGroup section */
		44BCDD341EC18D3E0048D450 /* Main.storyboard */ = {
			isa = PBXVariantGroup;
			children = (
				44BCDD351EC18D3E0048D450 /* Base */,
			);
			name = Main.storyboard;
			sourceTree = "<group>";
		};
		44BCDD391EC18D3E0048D450 /* LaunchScreen.storyboard */ = {
			isa = PBXVariantGroup;
			children = (
				44BCDD3A1EC18D3E0048D450 /* Base */,
			);
			name = LaunchScreen.storyboard;
			sourceTree = "<group>";
		};
/* End PBXVariantGroup section */

/* Begin XCBuildConfiguration section */
		44BCDD481EC18D3E0048D450 /* Debug */ = {
			isa = XCBuildConfiguration;
			buildSettings = {
				ALWAYS_SEARCH_USER_PATHS = NO;
				CLANG_ANALYZER_NONNULL = YES;
				CLANG_ANALYZER_NUMBER_OBJECT_CONVERSION = YES_AGGRESSIVE;
				CLANG_CXX_LANGUAGE_STANDARD = "gnu++0x";
				CLANG_CXX_LIBRARY = "libc++";
				CLANG_ENABLE_MODULES = YES;
				CLANG_ENABLE_OBJC_ARC = YES;
				CLANG_WARN_BOOL_CONVERSION = YES;
				CLANG_WARN_CONSTANT_CONVERSION = YES;
				CLANG_WARN_DIRECT_OBJC_ISA_USAGE = YES_ERROR;
				CLANG_WARN_DOCUMENTATION_COMMENTS = YES;
				CLANG_WARN_EMPTY_BODY = YES;
				CLANG_WARN_ENUM_CONVERSION = YES;
				CLANG_WARN_INFINITE_RECURSION = YES;
				CLANG_WARN_INT_CONVERSION = YES;
				CLANG_WARN_OBJC_ROOT_CLASS = YES_ERROR;
				CLANG_WARN_SUSPICIOUS_MOVE = YES;
				CLANG_WARN_UNREACHABLE_CODE = YES;
				CLANG_WARN__DUPLICATE_METHOD_MATCH = YES;
				"CODE_SIGN_IDENTITY[sdk=iphoneos*]" = "iPhone Developer";
				COPY_PHASE_STRIP = NO;
				DEBUG_INFORMATION_FORMAT = dwarf;
				ENABLE_STRICT_OBJC_MSGSEND = YES;
				ENABLE_TESTABILITY = YES;
				GCC_C_LANGUAGE_STANDARD = gnu99;
				GCC_DYNAMIC_NO_PIC = NO;
				GCC_NO_COMMON_BLOCKS = YES;
				GCC_OPTIMIZATION_LEVEL = 0;
				GCC_PREPROCESSOR_DEFINITIONS = (
					"DEBUG=1",
					"$(inherited)",
				);
				GCC_WARN_64_TO_32_BIT_CONVERSION = YES;
				GCC_WARN_ABOUT_RETURN_TYPE = YES_ERROR;
				GCC_WARN_UNDECLARED_SELECTOR = YES;
				GCC_WARN_UNINITIALIZED_AUTOS = YES_AGGRESSIVE;
				GCC_WARN_UNUSED_FUNCTION = YES;
				GCC_WARN_UNUSED_VARIABLE = YES;
				IPHONEOS_DEPLOYMENT_TARGET = 10.3;
				MTL_ENABLE_DEBUG_INFO = YES;
				ONLY_ACTIVE_ARCH = YES;
				SDKROOT = iphoneos;
			};
			name = Debug;
		};
		44BCDD491EC18D3E0048D450 /* Release */ = {
			isa = XCBuildConfiguration;
			buildSettings = {
				ALWAYS_SEARCH_USER_PATHS = NO;
				CLANG_ANALYZER_NONNULL = YES;
				CLANG_ANALYZER_NUMBER_OBJECT_CONVERSION = YES_AGGRESSIVE;
				CLANG_CXX_LANGUAGE_STANDARD = "gnu++0x";
				CLANG_CXX_LIBRARY = "libc++";
				CLANG_ENABLE_MODULES = YES;
				CLANG_ENABLE_OBJC_ARC = YES;
				CLANG_WARN_BOOL_CONVERSION = YES;
				CLANG_WARN_CONSTANT_CONVERSION = YES;
				CLANG_WARN_DIRECT_OBJC_ISA_USAGE = YES_ERROR;
				CLANG_WARN_DOCUMENTATION_COMMENTS = YES;
				CLANG_WARN_EMPTY_BODY = YES;
				CLANG_WARN_ENUM_CONVERSION = YES;
				CLANG_WARN_INFINITE_RECURSION = YES;
				CLANG_WARN_INT_CONVERSION = YES;
				CLANG_WARN_OBJC_ROOT_CLASS = YES_ERROR;
				CLANG_WARN_SUSPICIOUS_MOVE = YES;
				CLANG_WARN_UNREACHABLE_CODE = YES;
				CLANG_WARN__DUPLICATE_METHOD_MATCH = YES;
				"CODE_SIGN_IDENTITY[sdk=iphoneos*]" = "iPhone Developer";
				COPY_PHASE_STRIP = NO;
				DEBUG_INFORMATION_FORMAT = "dwarf-with-dsym";
				ENABLE_NS_ASSERTIONS = NO;
				ENABLE_STRICT_OBJC_MSGSEND = YES;
				GCC_C_LANGUAGE_STANDARD = gnu99;
				GCC_NO_COMMON_BLOCKS = YES;
				GCC_WARN_64_TO_32_BIT_CONVERSION = YES;
				GCC_WARN_ABOUT_RETURN_TYPE = YES_ERROR;
				GCC_WARN_UNDECLARED_SELECTOR = YES;
				GCC_WARN_UNINITIALIZED_AUTOS = YES_AGGRESSIVE;
				GCC_WARN_UNUSED_FUNCTION = YES;
				GCC_WARN_UNUSED_VARIABLE = YES;
				IPHONEOS_DEPLOYMENT_TARGET = 10.3;
				MTL_ENABLE_DEBUG_INFO = NO;
				SDKROOT = iphoneos;
				VALIDATE_PRODUCT = YES;
			};
			name = Release;
		};
		44BCDD4B1EC18D3E0048D450 /* Debug */ = {
			isa = XCBuildConfiguration;
			buildSettings = {
				ASSETCATALOG_COMPILER_APPICON_NAME = AppIcon;
				DEVELOPMENT_TEAM = 39ZP2F2557;
				INFOPLIST_FILE = YZJRuntime/Info.plist;
				LD_RUNPATH_SEARCH_PATHS = "$(inherited) @executable_path/Frameworks";
				PRODUCT_BUNDLE_IDENTIFIER = yzj.YZJRuntime;
				PRODUCT_NAME = "$(TARGET_NAME)";
			};
			name = Debug;
		};
		44BCDD4C1EC18D3E0048D450 /* Release */ = {
			isa = XCBuildConfiguration;
			buildSettings = {
				ASSETCATALOG_COMPILER_APPICON_NAME = AppIcon;
				DEVELOPMENT_TEAM = 39ZP2F2557;
				INFOPLIST_FILE = YZJRuntime/Info.plist;
				LD_RUNPATH_SEARCH_PATHS = "$(inherited) @executable_path/Frameworks";
				PRODUCT_BUNDLE_IDENTIFIER = yzj.YZJRuntime;
				PRODUCT_NAME = "$(TARGET_NAME)";
			};
			name = Release;
		};
		44BCDD4E1EC18D3E0048D450 /* Debug */ = {
			isa = XCBuildConfiguration;
			buildSettings = {
				DEVELOPMENT_TEAM = 39ZP2F2557;
				INFOPLIST_FILE = YZJRuntimeUITests/Info.plist;
				LD_RUNPATH_SEARCH_PATHS = "$(inherited) @executable_path/Frameworks @loader_path/Frameworks";
				PRODUCT_BUNDLE_IDENTIFIER = yzj.YZJRuntimeUITests;
				PRODUCT_NAME = "$(TARGET_NAME)";
				TEST_TARGET_NAME = YZJRuntime;
			};
			name = Debug;
		};
		44BCDD4F1EC18D3E0048D450 /* Release */ = {
			isa = XCBuildConfiguration;
			buildSettings = {
				DEVELOPMENT_TEAM = 39ZP2F2557;
				INFOPLIST_FILE = YZJRuntimeUITests/Info.plist;
				LD_RUNPATH_SEARCH_PATHS = "$(inherited) @executable_path/Frameworks @loader_path/Frameworks";
				PRODUCT_BUNDLE_IDENTIFIER = yzj.YZJRuntimeUITests;
				PRODUCT_NAME = "$(TARGET_NAME)";
				TEST_TARGET_NAME = YZJRuntime;
			};
			name = Release;
		};
/* End XCBuildConfiguration section */

/* Begin XCConfigurationList section */
		44BCDD231EC18D3E0048D450 /* Build configuration list for PBXProject "YZJRuntime" */ = {
			isa = XCConfigurationList;
			buildConfigurations = (
				44BCDD481EC18D3E0048D450 /* Debug */,
				44BCDD491EC18D3E0048D450 /* Release */,
			);
			defaultConfigurationIsVisible = 0;
			defaultConfigurationName = Release;
		};
		44BCDD4A1EC18D3E0048D450 /* Build configuration list for PBXNativeTarget "YZJRuntime" */ = {
			isa = XCConfigurationList;
			buildConfigurations = (
				44BCDD4B1EC18D3E0048D450 /* Debug */,
				44BCDD4C1EC18D3E0048D450 /* Release */,
			);
			defaultConfigurationIsVisible = 0;
			defaultConfigurationName = Release;
		};
		44BCDD4D1EC18D3E0048D450 /* Build configuration list for PBXNativeTarget "YZJRuntimeUITests" */ = {
			isa = XCConfigurationList;
			buildConfigurations = (
				44BCDD4E1EC18D3E0048D450 /* Debug */,
				44BCDD4F1EC18D3E0048D450 /* Release */,
			);
			defaultConfigurationIsVisible = 0;
			defaultConfigurationName = Release;
		};
/* End XCConfigurationList section */
	};
	rootObject = 44BCDD201EC18D3E0048D450 /* Project object */;
}
